version = 1
revision = 2
requires-python = ">=3.10"

[[package]]
name = "gmsh"
version = "4.15.2"
source = { registry = "https://pypi.org/simple" }
wheels = [
    { url = "https://files.pythonhosted.org/packages/19/a6/f3f74f53234c812ffa0191ce2aceb0811ea82bdf12867a73bebb03f28f7a/gmsh-4.15.2-py2.py3-none-macosx_10_15_x86_64.whl", hash = "sha256:9f5a97b6633e40be331cb777ab571cef96e6ff5979bb7b20aad2438724ca417b", size = 40171095, upload-time = "2026-03-24T19:33:46.37Z" },
    { url = "https://files.pythonhosted.org/packages/3d/b4/0d25938ad62ea4db6bcbdecbc77c72d05d8a6a679abe4addcd86167ffd77/gmsh-4.15.2-py2.py3-none-macosx_12_0_arm64.whl", hash = "sha256:f6649b3e59f49272e7ee8ab282ecb4d1a6e0d627e86cf3e3b1a83fd07417e4f8", size = 36427761, upload-time = "2026-03-24T19:33:51.161Z" },
    { url = "https://files.pythonhosted.org/packages/ab/d4/336becb1488ac4fbab205043987128839c8c62d54e2036b7e887bd009040/gmsh-4.15.2-py2.py3-none-manylinux_2_24_x86_64.whl", hash = "sha256:4076a948ce22625330d1413d4982e22b5c69fc2f0f7951f5df64c778cf54108c", size = 40006930, upload-time = "2026-03-24T19:33:55.549Z" },
    { url = "https://files.pythonhosted.org/packages/78/e9/63c763c0d75544680800651d5ea8c7c3203ae4b5e054706f19a54021a7fb/gmsh-4.15.2-py2.py3-none-win_amd64.whl", hash = "sha256:7b36083bb410fa27c5d0e052929d1a9844a5b09169d66017b72b41aabd49d711", size = 42235999, upload-time = "2026-03-24T19:34:00.529Z" },
]

[[package]]
name = "gmsh-periodic"
version = "0.1.0"
source = { virtual = "." }
dependencies = [
    { name = "gmsh" },
]

[package.metadata]
requires-dist = [{ name = "gmsh" }]
